
Microsoft Visual Studio Solution File, Format Version 12.00
# Visual Studio Version 17
VisualStudioVersion = 17.8.34330.188
MinimumVisualStudioVersion = 10.0.40219.1
Project("{FAE04EC0-301F-11D3-BF4B-00C04F79EFBC}") = "MusteriOtomasyonu", "MusteriOtomasyonu\MusteriOtomasyonu.csproj", "{00245FB9-7EE5-4A0F-916A-E51CEF6C479B}"
EndProject
Global
	GlobalSection(SolutionConfigurationPlatforms) = preSolution
		Debug|Any CPU = Debug|Any CPU
		Release|Any CPU = Release|Any CPU
	EndGlobalSection
	GlobalSection(ProjectConfigurationPlatforms) = postSolution
		{00245FB9-7EE5-4A0F-916A-E51CEF6C479B}.Debug|Any CPU.ActiveCfg = Debug|Any CPU
		{00245FB9-7EE5-4A0F-916A-E51CEF6C479B}.Debug|Any CPU.Build.0 = Debug|Any CPU
		{00245FB9-7EE5-4A0F-916A-E51CEF6C479B}.Release|Any CPU.ActiveCfg = Release|Any CPU
		{00245FB9-7EE5-4A0F-916A-E51CEF6C479B}.Release|Any CPU.Build.0 = Release|Any CPU
	EndGlobalSection
	GlobalSection(SolutionProperties) = preSolution
		HideSolutionNode = FALSE
	EndGlobalSection
	GlobalSection(ExtensibilityGlobals) = postSolution
		SolutionGuid = {2041EA16-E7C3-498B-B595-A3BA0022D024}
	EndGlobalSection
EndGlobal
